
Microsoft Visual Studio Solution File, Format Version 12.00
# Visual Studio Version 17
VisualStudioVersion = 17.2.32630.192
MinimumVisualStudioVersion = 10.0.40219.1
Project("{FAE04EC0-301F-11D3-BF4B-00C04F79EFBC}") = "ranges", "ranges\ranges.csproj", "{0D53F60E-D10A-4976-872F-4BDC7EA8DBF3}"
EndProject
Global
	GlobalSection(SolutionConfigurationPlatforms) = preSolution
		Debug|Any CPU = Debug|Any CPU
		Release|Any CPU = Release|Any CPU
	EndGlobalSection
	GlobalSection(ProjectConfigurationPlatforms) = postSolution
		{0D53F60E-D10A-4976-872F-4BDC7EA8DBF3}.Debug|Any CPU.ActiveCfg = Debug|Any CPU
		{0D53F60E-D10A-4976-872F-4BDC7EA8DBF3}.Debug|Any CPU.Build.0 = Debug|Any CPU
		{0D53F60E-D10A-4976-872F-4BDC7EA8DBF3}.Release|Any CPU.ActiveCfg = Release|Any CPU
		{0D53F60E-D10A-4976-872F-4BDC7EA8DBF3}.Release|Any CPU.Build.0 = Release|Any CPU
	EndGlobalSection
	GlobalSection(SolutionProperties) = preSolution
		HideSolutionNode = FALSE
	EndGlobalSection
	GlobalSection(ExtensibilityGlobals) = postSolution
		SolutionGuid = {95452E3D-75B2-46B6-9317-8ACAA73158E6}
	EndGlobalSection
EndGlobal
